
Microsoft Visual Studio Solution File, Format Version 12.00
# Visual Studio Version 17
VisualStudioVersion = 17.7.34202.233
MinimumVisualStudioVersion = 10.0.40219.1
Project("{FAE04EC0-301F-11D3-BF4B-00C04F79EFBC}") = "ProxyPattern", "ProxyPattern\ProxyPattern.csproj", "{F29F2067-1CC9-4355-959E-B3DACF98037B}"
EndProject
Global
	GlobalSection(SolutionConfigurationPlatforms) = preSolution
		Debug|Any CPU = Debug|Any CPU
		Release|Any CPU = Release|Any CPU
	EndGlobalSection
	GlobalSection(ProjectConfigurationPlatforms) = postSolution
		{F29F2067-1CC9-4355-959E-B3DACF98037B}.Debug|Any CPU.ActiveCfg = Debug|Any CPU
		{F29F2067-1CC9-4355-959E-B3DACF98037B}.Debug|Any CPU.Build.0 = Debug|Any CPU
		{F29F2067-1CC9-4355-959E-B3DACF98037B}.Release|Any CPU.ActiveCfg = Release|Any CPU
		{F29F2067-1CC9-4355-959E-B3DACF98037B}.Release|Any CPU.Build.0 = Release|Any CPU
	EndGlobalSection
	GlobalSection(SolutionProperties) = preSolution
		HideSolutionNode = FALSE
	EndGlobalSection
	GlobalSection(ExtensibilityGlobals) = postSolution
		SolutionGuid = {8AE487DE-E271-4D36-B1EC-19C5AABEC777}
	EndGlobalSection
EndGlobal
