
Microsoft Visual Studio Solution File, Format Version 12.00
# Visual Studio Version 17
VisualStudioVersion = 17.7.34202.233
MinimumVisualStudioVersion = 10.0.40219.1
Project("{FAE04EC0-301F-11D3-BF4B-00C04F79EFBC}") = "CompositePatternExample", "CompositePatternExample\CompositePatternExample.csproj", "{439CCC6E-C585-46CD-989E-1843604C473A}"
EndProject
Global
	GlobalSection(SolutionConfigurationPlatforms) = preSolution
		Debug|Any CPU = Debug|Any CPU
		Release|Any CPU = Release|Any CPU
	EndGlobalSection
	GlobalSection(ProjectConfigurationPlatforms) = postSolution
		{439CCC6E-C585-46CD-989E-1843604C473A}.Debug|Any CPU.ActiveCfg = Debug|Any CPU
		{439CCC6E-C585-46CD-989E-1843604C473A}.Debug|Any CPU.Build.0 = Debug|Any CPU
		{439CCC6E-C585-46CD-989E-1843604C473A}.Release|Any CPU.ActiveCfg = Release|Any CPU
		{439CCC6E-C585-46CD-989E-1843604C473A}.Release|Any CPU.Build.0 = Release|Any CPU
	EndGlobalSection
	GlobalSection(SolutionProperties) = preSolution
		HideSolutionNode = FALSE
	EndGlobalSection
	GlobalSection(ExtensibilityGlobals) = postSolution
		SolutionGuid = {547C3C88-3EC2-42AF-9886-4E12BD0C2E2F}
	EndGlobalSection
EndGlobal
