
Microsoft Visual Studio Solution File, Format Version 12.00
# Visual Studio Version 17
VisualStudioVersion = 17.8.34511.84
MinimumVisualStudioVersion = 10.0.40219.1
Project("{FAE04EC0-301F-11D3-BF4B-00C04F79EFBC}") = "DecoratorPattern", "DecoratorPattern\DecoratorPattern.csproj", "{0C05C6B8-A29A-4B3F-81DF-6D6B02134651}"
EndProject
Project("{FAE04EC0-301F-11D3-BF4B-00C04F79EFBC}") = "PizzaDecoratorPatternExample", "PizzaDecoratorPatternExample\PizzaDecoratorPatternExample.csproj", "{11395D61-05DD-4DA4-9CF3-081A1ECD69EE}"
EndProject
Global
	GlobalSection(SolutionConfigurationPlatforms) = preSolution
		Debug|Any CPU = Debug|Any CPU
		Release|Any CPU = Release|Any CPU
	EndGlobalSection
	GlobalSection(ProjectConfigurationPlatforms) = postSolution
		{0C05C6B8-A29A-4B3F-81DF-6D6B02134651}.Debug|Any CPU.ActiveCfg = Debug|Any CPU
		{0C05C6B8-A29A-4B3F-81DF-6D6B02134651}.Debug|Any CPU.Build.0 = Debug|Any CPU
		{0C05C6B8-A29A-4B3F-81DF-6D6B02134651}.Release|Any CPU.ActiveCfg = Release|Any CPU
		{0C05C6B8-A29A-4B3F-81DF-6D6B02134651}.Release|Any CPU.Build.0 = Release|Any CPU
		{11395D61-05DD-4DA4-9CF3-081A1ECD69EE}.Debug|Any CPU.ActiveCfg = Debug|Any CPU
		{11395D61-05DD-4DA4-9CF3-081A1ECD69EE}.Debug|Any CPU.Build.0 = Debug|Any CPU
		{11395D61-05DD-4DA4-9CF3-081A1ECD69EE}.Release|Any CPU.ActiveCfg = Release|Any CPU
		{11395D61-05DD-4DA4-9CF3-081A1ECD69EE}.Release|Any CPU.Build.0 = Release|Any CPU
	EndGlobalSection
	GlobalSection(SolutionProperties) = preSolution
		HideSolutionNode = FALSE
	EndGlobalSection
	GlobalSection(ExtensibilityGlobals) = postSolution
		SolutionGuid = {A7B37432-E3C5-454E-BD74-FE6172971244}
	EndGlobalSection
EndGlobal
